
Microsoft Visual Studio Solution File, Format Version 12.00
# Visual Studio Version 17
VisualStudioVersion = 17.0.31903.59
MinimumVisualStudioVersion = 10.0.40219.1
Project("{FAE04EC0-301F-11D3-BF4B-00C04F79EFBC}") = "SF-9", "SF-9\SF-9.csproj", "{45ECCDC3-E4AF-4629-A589-D0C8DCF5C31B}"
EndProject
Project("{FAE04EC0-301F-11D3-BF4B-00C04F79EFBC}") = "PluginBase", "PluginBase\PluginBase.csproj", "{FE7DBBA2-1B72-451F-9177-B8922B06FDD4}"
EndProject
Global
	GlobalSection(SolutionConfigurationPlatforms) = preSolution
		Debug|Any CPU = Debug|Any CPU
		Release|Any CPU = Release|Any CPU
	EndGlobalSection
	GlobalSection(SolutionProperties) = preSolution
		HideSolutionNode = FALSE
	EndGlobalSection
	GlobalSection(ProjectConfigurationPlatforms) = postSolution
		{45ECCDC3-E4AF-4629-A589-D0C8DCF5C31B}.Debug|Any CPU.ActiveCfg = Debug|Any CPU
		{45ECCDC3-E4AF-4629-A589-D0C8DCF5C31B}.Debug|Any CPU.Build.0 = Debug|Any CPU
		{45ECCDC3-E4AF-4629-A589-D0C8DCF5C31B}.Release|Any CPU.ActiveCfg = Release|Any CPU
		{45ECCDC3-E4AF-4629-A589-D0C8DCF5C31B}.Release|Any CPU.Build.0 = Release|Any CPU
		{FE7DBBA2-1B72-451F-9177-B8922B06FDD4}.Debug|Any CPU.ActiveCfg = Debug|Any CPU
		{FE7DBBA2-1B72-451F-9177-B8922B06FDD4}.Debug|Any CPU.Build.0 = Debug|Any CPU
		{FE7DBBA2-1B72-451F-9177-B8922B06FDD4}.Release|Any CPU.ActiveCfg = Release|Any CPU
		{FE7DBBA2-1B72-451F-9177-B8922B06FDD4}.Release|Any CPU.Build.0 = Release|Any CPU
	EndGlobalSection
EndGlobal
